// !$*UTF8*$!
{
	archiveVersion = 1;
	classes = {
	};
	objectVersion = 56;
	objects = {

/* Begin PBXBuildFile section */
		8411A5D92A628773006A3DAA /* AppDelegate.swift in Sources */ = {isa = PBXBuildFile; fileRef = 8411A5D82A628773006A3DAA /* AppDelegate.swift */; };
		8411A5DB2A628773006A3DAA /* SceneDelegate.swift in Sources */ = {isa = PBXBuildFile; fileRef = 8411A5DA2A628773006A3DAA /* SceneDelegate.swift */; };
		8411A5DD2A628773006A3DAA /* MainViewController.swift in Sources */ = {isa = PBXBuildFile; fileRef = 8411A5DC2A628773006A3DAA /* MainViewController.swift */; };
		8411A5E22A628774006A3DAA /* Assets.xcassets in Resources */ = {isa = PBXBuildFile; fileRef = 8411A5E12A628774006A3DAA /* Assets.xcassets */; };
		8411A5E52A628774006A3DAA /* LaunchScreen.storyboard in Resources */ = {isa = PBXBuildFile; fileRef = 8411A5E32A628774006A3DAA /* LaunchScreen.storyboard */; };
		8411A5F02A628870006A3DAA /* Resourses.swift in Sources */ = {isa = PBXBuildFile; fileRef = 8411A5EF2A628870006A3DAA /* Resourses.swift */; };
		84C670D72A6C002100E94B1F /* ButtonsView.swift in Sources */ = {isa = PBXBuildFile; fileRef = 84C670D62A6C002100E94B1F /* ButtonsView.swift */; };
		84C670D92A6D1CFD00E94B1F /* StockDataModel.swift in Sources */ = {isa = PBXBuildFile; fileRef = 84C670D82A6D1CFD00E94B1F /* StockDataModel.swift */; };
		84C670DC2A6D4E9D00E94B1F /* NetworkRequest.swift in Sources */ = {isa = PBXBuildFile; fileRef = 84C670DB2A6D4E9D00E94B1F /* NetworkRequest.swift */; };
		84C670DF2A6D4EEE00E94B1F /* NetworkFetchData.swift in Sources */ = {isa = PBXBuildFile; fileRef = 84C670DE2A6D4EEE00E94B1F /* NetworkFetchData.swift */; };
		84EA16582A6289FF00351F5A /* BaseView.swift in Sources */ = {isa = PBXBuildFile; fileRef = 84EA16572A6289FF00351F5A /* BaseView.swift */; };
		84EA165A2A628A1700351F5A /* BaseViewController.swift in Sources */ = {isa = PBXBuildFile; fileRef = 84EA16592A628A1700351F5A /* BaseViewController.swift */; };
		84EA165D2A646B6100351F5A /* CompanyCell.swift in Sources */ = {isa = PBXBuildFile; fileRef = 84EA165C2A646B6100351F5A /* CompanyCell.swift */; };
/* End PBXBuildFile section */

/* Begin PBXFileReference section */
		8411A5D52A628773006A3DAA /* InvestmentApp_Yandex.app */ = {isa = PBXFileReference; explicitFileType = wrapper.application; includeInIndex = 0; path = InvestmentApp_Yandex.app; sourceTree = BUILT_PRODUCTS_DIR; };
		8411A5D82A628773006A3DAA /* AppDelegate.swift */ = {isa = PBXFileReference; lastKnownFileType = sourcecode.swift; path = AppDelegate.swift; sourceTree = "<group>"; };
		8411A5DA2A628773006A3DAA /* SceneDelegate.swift */ = {isa = PBXFileReference; lastKnownFileType = sourcecode.swift; path = SceneDelegate.swift; sourceTree = "<group>"; };
		8411A5DC2A628773006A3DAA /* MainViewController.swift */ = {isa = PBXFileReference; lastKnownFileType = sourcecode.swift; path = MainViewController.swift; sourceTree = "<group>"; };
		8411A5E12A628774006A3DAA /* Assets.xcassets */ = {isa = PBXFileReference; lastKnownFileType = folder.assetcatalog; path = Assets.xcassets; sourceTree = "<group>"; };
		8411A5E42A628774006A3DAA /* Base */ = {isa = PBXFileReference; lastKnownFileType = file.storyboard; name = Base; path = Base.lproj/LaunchScreen.storyboard; sourceTree = "<group>"; };
		8411A5E62A628774006A3DAA /* Info.plist */ = {isa = PBXFileReference; lastKnownFileType = text.plist.xml; path = Info.plist; sourceTree = "<group>"; };
		8411A5EF2A628870006A3DAA /* Resourses.swift */ = {isa = PBXFileReference; lastKnownFileType = sourcecode.swift; path = Resourses.swift; sourceTree = "<group>"; };
		84C670D62A6C002100E94B1F /* ButtonsView.swift */ = {isa = PBXFileReference; lastKnownFileType = sourcecode.swift; path = ButtonsView.swift; sourceTree = "<group>"; };
		84C670D82A6D1CFD00E94B1F /* StockDataModel.swift */ = {isa = PBXFileReference; lastKnownFileType = sourcecode.swift; path = StockDataModel.swift; sourceTree = "<group>"; };
		84C670DB2A6D4E9D00E94B1F /* NetworkRequest.swift */ = {isa = PBXFileReference; lastKnownFileType = sourcecode.swift; path = NetworkRequest.swift; sourceTree = "<group>"; };
		84C670DE2A6D4EEE00E94B1F /* NetworkFetchData.swift */ = {isa = PBXFileReference; lastKnownFileType = sourcecode.swift; path = NetworkFetchData.swift; sourceTree = "<group>"; };
		84EA16572A6289FF00351F5A /* BaseView.swift */ = {isa = PBXFileReference; lastKnownFileType = sourcecode.swift; path = BaseView.swift; sourceTree = "<group>"; };
		84EA16592A628A1700351F5A /* BaseViewController.swift */ = {isa = PBXFileReference; lastKnownFileType = sourcecode.swift; path = BaseViewController.swift; sourceTree = "<group>"; };
		84EA165C2A646B6100351F5A /* CompanyCell.swift */ = {isa = PBXFileReference; lastKnownFileType = sourcecode.swift; path = CompanyCell.swift; sourceTree = "<group>"; };
/* End PBXFileReference section */

/* Begin PBXFrameworksBuildPhase section */
		8411A5D22A628773006A3DAA /* Frameworks */ = {
			isa = PBXFrameworksBuildPhase;
			buildActionMask = 2147483647;
			files = (
			);
			runOnlyForDeploymentPostprocessing = 0;
		};
/* End PBXFrameworksBuildPhase section */

/* Begin PBXGroup section */
		8411A5CC2A628773006A3DAA = {
			isa = PBXGroup;
			children = (
				8411A5D72A628773006A3DAA /* InvestmentApp_Yandex */,
				8411A5D62A628773006A3DAA /* Products */,
			);
			sourceTree = "<group>";
		};
		8411A5D62A628773006A3DAA /* Products */ = {
			isa = PBXGroup;
			children = (
				8411A5D52A628773006A3DAA /* InvestmentApp_Yandex.app */,
			);
			name = Products;
			sourceTree = "<group>";
		};
		8411A5D72A628773006A3DAA /* InvestmentApp_Yandex */ = {
			isa = PBXGroup;
			children = (
				8411A5EC2A6287FC006A3DAA /* Application */,
				8411A5DC2A628773006A3DAA /* MainViewController.swift */,
				84C670D62A6C002100E94B1F /* ButtonsView.swift */,
				84EA165C2A646B6100351F5A /* CompanyCell.swift */,
				84C670DD2A6D4EA100E94B1F /* Network */,
				84C670DA2A6D1D2000E94B1F /* Models */,
				84EA165B2A62986A00351F5A /* Base */,
				8411A5ED2A628826006A3DAA /* Helpers */,
				8411A5E12A628774006A3DAA /* Assets.xcassets */,
				8411A5E32A628774006A3DAA /* LaunchScreen.storyboard */,
				8411A5E62A628774006A3DAA /* Info.plist */,
			);
			path = InvestmentApp_Yandex;
			sourceTree = "<group>";
		};
		8411A5EC2A6287FC006A3DAA /* Application */ = {
			isa = PBXGroup;
			children = (
				8411A5D82A628773006A3DAA /* AppDelegate.swift */,
				8411A5DA2A628773006A3DAA /* SceneDelegate.swift */,
			);
			path = Application;
			sourceTree = "<group>";
		};
		8411A5ED2A628826006A3DAA /* Helpers */ = {
			isa = PBXGroup;
			children = (
				8411A5EE2A628842006A3DAA /* Constants */,
				8411A5EF2A628870006A3DAA /* Resourses.swift */,
			);
			path = Helpers;
			sourceTree = "<group>";
		};
		8411A5EE2A628842006A3DAA /* Constants */ = {
			isa = PBXGroup;
			children = (
			);
			path = Constants;
			sourceTree = "<group>";
		};
		84C670DA2A6D1D2000E94B1F /* Models */ = {
			isa = PBXGroup;
			children = (
				84C670D82A6D1CFD00E94B1F /* StockDataModel.swift */,
			);
			path = Models;
			sourceTree = "<group>";
		};
		84C670DD2A6D4EA100E94B1F /* Network */ = {
			isa = PBXGroup;
			children = (
				84C670DB2A6D4E9D00E94B1F /* NetworkRequest.swift */,
				84C670DE2A6D4EEE00E94B1F /* NetworkFetchData.swift */,
			);
			path = Network;
			sourceTree = "<group>";
		};
		84EA165B2A62986A00351F5A /* Base */ = {
			isa = PBXGroup;
			children = (
				84EA16572A6289FF00351F5A /* BaseView.swift */,
				84EA16592A628A1700351F5A /* BaseViewController.swift */,
			);
			path = Base;
			sourceTree = "<group>";
		};
/* End PBXGroup section */

/* Begin PBXNativeTarget section */
		8411A5D42A628773006A3DAA /* InvestmentApp_Yandex */ = {
			isa = PBXNativeTarget;
			buildConfigurationList = 8411A5E92A628774006A3DAA /* Build configuration list for PBXNativeTarget "InvestmentApp_Yandex" */;
			buildPhases = (
				8411A5D12A628773006A3DAA /* Sources */,
				8411A5D22A628773006A3DAA /* Frameworks */,
				8411A5D32A628773006A3DAA /* Resources */,
			);
			buildRules = (
			);
			dependencies = (
			);
			name = InvestmentApp_Yandex;
			productName = InvestmentApp_Yandex;
			productReference = 8411A5D52A628773006A3DAA /* InvestmentApp_Yandex.app */;
			productType = "com.apple.product-type.application";
		};
/* End PBXNativeTarget section */

/* Begin PBXProject section */
		8411A5CD2A628773006A3DAA /* Project object */ = {
			isa = PBXProject;
			attributes = {
				BuildIndependentTargetsInParallel = 1;
				LastSwiftUpdateCheck = 1430;
				LastUpgradeCheck = 1430;
				TargetAttributes = {
					8411A5D42A628773006A3DAA = {
						CreatedOnToolsVersion = 14.3;
					};
				};
			};
			buildConfigurationList = 8411A5D02A628773006A3DAA /* Build configuration list for PBXProject "InvestmentApp_Yandex" */;
			compatibilityVersion = "Xcode 14.0";
			developmentRegion = en;
			hasScannedForEncodings = 0;
			knownRegions = (
				en,
				Base,
			);
			mainGroup = 8411A5CC2A628773006A3DAA;
			productRefGroup = 8411A5D62A628773006A3DAA /* Products */;
			projectDirPath = "";
			projectRoot = "";
			targets = (
				8411A5D42A628773006A3DAA /* InvestmentApp_Yandex */,
			);
		};
/* End PBXProject section */

/* Begin PBXResourcesBuildPhase section */
		8411A5D32A628773006A3DAA /* Resources */ = {
			isa = PBXResourcesBuildPhase;
			buildActionMask = 2147483647;
			files = (
				8411A5E52A628774006A3DAA /* LaunchScreen.storyboard in Resources */,
				8411A5E22A628774006A3DAA /* Assets.xcassets in Resources */,
			);
			runOnlyForDeploymentPostprocessing = 0;
		};
/* End PBXResourcesBuildPhase section */

/* Begin PBXSourcesBuildPhase section */
		8411A5D12A628773006A3DAA /* Sources */ = {
			isa = PBXSourcesBuildPhase;
			buildActionMask = 2147483647;
			files = (
				8411A5DD2A628773006A3DAA /* MainViewController.swift in Sources */,
				8411A5F02A628870006A3DAA /* Resourses.swift in Sources */,
				84EA16582A6289FF00351F5A /* BaseView.swift in Sources */,
				84EA165D2A646B6100351F5A /* CompanyCell.swift in Sources */,
				8411A5D92A628773006A3DAA /* AppDelegate.swift in Sources */,
				8411A5DB2A628773006A3DAA /* SceneDelegate.swift in Sources */,
				84C670D92A6D1CFD00E94B1F /* StockDataModel.swift in Sources */,
				84C670DF2A6D4EEE00E94B1F /* NetworkFetchData.swift in Sources */,
				84C670D72A6C002100E94B1F /* ButtonsView.swift in Sources */,
				84C670DC2A6D4E9D00E94B1F /* NetworkRequest.swift in Sources */,
				84EA165A2A628A1700351F5A /* BaseViewController.swift in Sources */,
			);
			runOnlyForDeploymentPostprocessing = 0;
		};
/* End PBXSourcesBuildPhase section */

/* Begin PBXVariantGroup section */
		8411A5E32A628774006A3DAA /* LaunchScreen.storyboard */ = {
			isa = PBXVariantGroup;
			children = (
				8411A5E42A628774006A3DAA /* Base */,
			);
			name = LaunchScreen.storyboard;
			sourceTree = "<group>";
		};
/* End PBXVariantGroup section */

/* Begin XCBuildConfiguration section */
		8411A5E72A628774006A3DAA /* Debug */ = {
			isa = XCBuildConfiguration;
			buildSettings = {
				ALWAYS_SEARCH_USER_PATHS = NO;
				CLANG_ANALYZER_NONNULL = YES;
				CLANG_ANALYZER_NUMBER_OBJECT_CONVERSION = YES_AGGRESSIVE;
				CLANG_CXX_LANGUAGE_STANDARD = "gnu++20";
				CLANG_ENABLE_MODULES = YES;
				CLANG_ENABLE_OBJC_ARC = YES;
				CLANG_ENABLE_OBJC_WEAK = YES;
				CLANG_WARN_BLOCK_CAPTURE_AUTORELEASING = YES;
				CLANG_WARN_BOOL_CONVERSION = YES;
				CLANG_WARN_COMMA = YES;
				CLANG_WARN_CONSTANT_CONVERSION = YES;
				CLANG_WARN_DEPRECATED_OBJC_IMPLEMENTATIONS = YES;
				CLANG_WARN_DIRECT_OBJC_ISA_USAGE = YES_ERROR;
				CLANG_WARN_DOCUMENTATION_COMMENTS = YES;
				CLANG_WARN_EMPTY_BODY = YES;
				CLANG_WARN_ENUM_CONVERSION = YES;
				CLANG_WARN_INFINITE_RECURSION = YES;
				CLANG_WARN_INT_CONVERSION = YES;
				CLANG_WARN_NON_LITERAL_NULL_CONVERSION = YES;
				CLANG_WARN_OBJC_IMPLICIT_RETAIN_SELF = YES;
				CLANG_WARN_OBJC_LITERAL_CONVERSION = YES;
				CLANG_WARN_OBJC_ROOT_CLASS = YES_ERROR;
				CLANG_WARN_QUOTED_INCLUDE_IN_FRAMEWORK_HEADER = YES;
				CLANG_WARN_RANGE_LOOP_ANALYSIS = YES;
				CLANG_WARN_STRICT_PROTOTYPES = YES;
				CLANG_WARN_SUSPICIOUS_MOVE = YES;
				CLANG_WARN_UNGUARDED_AVAILABILITY = YES_AGGRESSIVE;
				CLANG_WARN_UNREACHABLE_CODE = YES;
				CLANG_WARN__DUPLICATE_METHOD_MATCH = YES;
				COPY_PHASE_STRIP = NO;
				DEBUG_INFORMATION_FORMAT = dwarf;
				ENABLE_STRICT_OBJC_MSGSEND = YES;
				ENABLE_TESTABILITY = YES;
				GCC_C_LANGUAGE_STANDARD = gnu11;
				GCC_DYNAMIC_NO_PIC = NO;
				GCC_NO_COMMON_BLOCKS = YES;
				GCC_OPTIMIZATION_LEVEL = 0;
				GCC_PREPROCESSOR_DEFINITIONS = (
					"DEBUG=1",
					"$(inherited)",
				);
				GCC_WARN_64_TO_32_BIT_CONVERSION = YES;
				GCC_WARN_ABOUT_RETURN_TYPE = YES_ERROR;
				GCC_WARN_UNDECLARED_SELECTOR = YES;
				GCC_WARN_UNINITIALIZED_AUTOS = YES_AGGRESSIVE;
				GCC_WARN_UNUSED_FUNCTION = YES;
				GCC_WARN_UNUSED_VARIABLE = YES;
				IPHONEOS_DEPLOYMENT_TARGET = 16.4;
				MTL_ENABLE_DEBUG_INFO = INCLUDE_SOURCE;
				MTL_FAST_MATH = YES;
				ONLY_ACTIVE_ARCH = YES;
				SDKROOT = iphoneos;
				SWIFT_ACTIVE_COMPILATION_CONDITIONS = DEBUG;
				SWIFT_OPTIMIZATION_LEVEL = "-Onone";
			};
			name = Debug;
		};
		8411A5E82A628774006A3DAA /* Release */ = {
			isa = XCBuildConfiguration;
			buildSettings = {
				ALWAYS_SEARCH_USER_PATHS = NO;
				CLANG_ANALYZER_NONNULL = YES;
				CLANG_ANALYZER_NUMBER_OBJECT_CONVERSION = YES_AGGRESSIVE;
				CLANG_CXX_LANGUAGE_STANDARD = "gnu++20";
				CLANG_ENABLE_MODULES = YES;
				CLANG_ENABLE_OBJC_ARC = YES;
				CLANG_ENABLE_OBJC_WEAK = YES;
				CLANG_WARN_BLOCK_CAPTURE_AUTORELEASING = YES;
				CLANG_WARN_BOOL_CONVERSION = YES;
				CLANG_WARN_COMMA = YES;
				CLANG_WARN_CONSTANT_CONVERSION = YES;
				CLANG_WARN_DEPRECATED_OBJC_IMPLEMENTATIONS = YES;
				CLANG_WARN_DIRECT_OBJC_ISA_USAGE = YES_ERROR;
				CLANG_WARN_DOCUMENTATION_COMMENTS = YES;
				CLANG_WARN_EMPTY_BODY = YES;
				CLANG_WARN_ENUM_CONVERSION = YES;
				CLANG_WARN_INFINITE_RECURSION = YES;
				CLANG_WARN_INT_CONVERSION = YES;
				CLANG_WARN_NON_LITERAL_NULL_CONVERSION = YES;
				CLANG_WARN_OBJC_IMPLICIT_RETAIN_SELF = YES;
				CLANG_WARN_OBJC_LITERAL_CONVERSION = YES;
				CLANG_WARN_OBJC_ROOT_CLASS = YES_ERROR;
				CLANG_WARN_QUOTED_INCLUDE_IN_FRAMEWORK_HEADER = YES;
				CLANG_WARN_RANGE_LOOP_ANALYSIS = YES;
				CLANG_WARN_STRICT_PROTOTYPES = YES;
				CLANG_WARN_SUSPICIOUS_MOVE = YES;
				CLANG_WARN_UNGUARDED_AVAILABILITY = YES_AGGRESSIVE;
				CLANG_WARN_UNREACHABLE_CODE = YES;
				CLANG_WARN__DUPLICATE_METHOD_MATCH = YES;
				COPY_PHASE_STRIP = NO;
				DEBUG_INFORMATION_FORMAT = "dwarf-with-dsym";
				ENABLE_NS_ASSERTIONS = NO;
				ENABLE_STRICT_OBJC_MSGSEND = YES;
				GCC_C_LANGUAGE_STANDARD = gnu11;
				GCC_NO_COMMON_BLOCKS = YES;
				GCC_WARN_64_TO_32_BIT_CONVERSION = YES;
				GCC_WARN_ABOUT_RETURN_TYPE = YES_ERROR;
				GCC_WARN_UNDECLARED_SELECTOR = YES;
				GCC_WARN_UNINITIALIZED_AUTOS = YES_AGGRESSIVE;
				GCC_WARN_UNUSED_FUNCTION = YES;
				GCC_WARN_UNUSED_VARIABLE = YES;
				IPHONEOS_DEPLOYMENT_TARGET = 16.4;
				MTL_ENABLE_DEBUG_INFO = NO;
				MTL_FAST_MATH = YES;
				SDKROOT = iphoneos;
				SWIFT_COMPILATION_MODE = wholemodule;
				SWIFT_OPTIMIZATION_LEVEL = "-O";
				VALIDATE_PRODUCT = YES;
			};
			name = Release;
		};
		8411A5EA2A628774006A3DAA /* Debug */ = {
			isa = XCBuildConfiguration;
			buildSettings = {
				ASSETCATALOG_COMPILER_APPICON_NAME = AppIcon;
				ASSETCATALOG_COMPILER_GLOBAL_ACCENT_COLOR_NAME = AccentColor;
				CODE_SIGN_STYLE = Automatic;
				CURRENT_PROJECT_VERSION = 1;
				GENERATE_INFOPLIST_FILE = YES;
				INFOPLIST_FILE = InvestmentApp_Yandex/Info.plist;
				INFOPLIST_KEY_UIApplicationSupportsIndirectInputEvents = YES;
				INFOPLIST_KEY_UILaunchStoryboardName = LaunchScreen;
				INFOPLIST_KEY_UISupportedInterfaceOrientations_iPad = "UIInterfaceOrientationPortrait UIInterfaceOrientationPortraitUpsideDown UIInterfaceOrientationLandscapeLeft UIInterfaceOrientationLandscapeRight";
				INFOPLIST_KEY_UISupportedInterfaceOrientations_iPhone = "UIInterfaceOrientationPortrait UIInterfaceOrientationLandscapeLeft UIInterfaceOrientationLandscapeRight";
				LD_RUNPATH_SEARCH_PATHS = (
					"$(inherited)",
					"@executable_path/Frameworks",
				);
				MARKETING_VERSION = 1.0;
				PRODUCT_BUNDLE_IDENTIFIER = "com.ArinLi.InvestmentApp-Yandex";
				PRODUCT_NAME = "$(TARGET_NAME)";
				SUPPORTED_PLATFORMS = "iphoneos iphonesimulator";
				SUPPORTS_MACCATALYST = NO;
				SUPPORTS_MAC_DESIGNED_FOR_IPHONE_IPAD = NO;
				SWIFT_EMIT_LOC_STRINGS = YES;
				SWIFT_VERSION = 5.0;
				TARGETED_DEVICE_FAMILY = "1,2";
			};
			name = Debug;
		};
		8411A5EB2A628774006A3DAA /* Release */ = {
			isa = XCBuildConfiguration;
			buildSettings = {
				ASSETCATALOG_COMPILER_APPICON_NAME = AppIcon;
				ASSETCATALOG_COMPILER_GLOBAL_ACCENT_COLOR_NAME = AccentColor;
				CODE_SIGN_STYLE = Automatic;
				CURRENT_PROJECT_VERSION = 1;
				GENERATE_INFOPLIST_FILE = YES;
				INFOPLIST_FILE = InvestmentApp_Yandex/Info.plist;
				INFOPLIST_KEY_UIApplicationSupportsIndirectInputEvents = YES;
				INFOPLIST_KEY_UILaunchStoryboardName = LaunchScreen;
				INFOPLIST_KEY_UISupportedInterfaceOrientations_iPad = "UIInterfaceOrientationPortrait UIInterfaceOrientationPortraitUpsideDown UIInterfaceOrientationLandscapeLeft UIInterfaceOrientationLandscapeRight";
				INFOPLIST_KEY_UISupportedInterfaceOrientations_iPhone = "UIInterfaceOrientationPortrait UIInterfaceOrientationLandscapeLeft UIInterfaceOrientationLandscapeRight";
				LD_RUNPATH_SEARCH_PATHS = (
					"$(inherited)",
					"@executable_path/Frameworks",
				);
				MARKETING_VERSION = 1.0;
				PRODUCT_BUNDLE_IDENTIFIER = "com.ArinLi.InvestmentApp-Yandex";
				PRODUCT_NAME = "$(TARGET_NAME)";
				SUPPORTED_PLATFORMS = "iphoneos iphonesimulator";
				SUPPORTS_MACCATALYST = NO;
				SUPPORTS_MAC_DESIGNED_FOR_IPHONE_IPAD = NO;
				SWIFT_EMIT_LOC_STRINGS = YES;
				SWIFT_VERSION = 5.0;
				TARGETED_DEVICE_FAMILY = "1,2";
			};
			name = Release;
		};
/* End XCBuildConfiguration section */

/* Begin XCConfigurationList section */
		8411A5D02A628773006A3DAA /* Build configuration list for PBXProject "InvestmentApp_Yandex" */ = {
			isa = XCConfigurationList;
			buildConfigurations = (
				8411A5E72A628774006A3DAA /* Debug */,
				8411A5E82A628774006A3DAA /* Release */,
			);
			defaultConfigurationIsVisible = 0;
			defaultConfigurationName = Release;
		};
		8411A5E92A628774006A3DAA /* Build configuration list for PBXNativeTarget "InvestmentApp_Yandex" */ = {
			isa = XCConfigurationList;
			buildConfigurations = (
				8411A5EA2A628774006A3DAA /* Debug */,
				8411A5EB2A628774006A3DAA /* Release */,
			);
			defaultConfigurationIsVisible = 0;
			defaultConfigurationName = Release;
		};
/* End XCConfigurationList section */
	};
	rootObject = 8411A5CD2A628773006A3DAA /* Project object */;
}
